
Microsoft Visual Studio Solution File, Format Version 12.00
# Visual Studio Version 16
VisualStudioVersion = 16.0.31702.278
MinimumVisualStudioVersion = 10.0.40219.1
Project("{FAE04EC0-301F-11D3-BF4B-00C04F79EFBC}") = "IndZadanie2", "IndZadanie2.csproj", "{1850B9A2-68C5-4ED2-AAE8-8417E1CF4D11}"
EndProject
Global
	GlobalSection(SolutionConfigurationPlatforms) = preSolution
		Debug|Any CPU = Debug|Any CPU
		Release|Any CPU = Release|Any CPU
	EndGlobalSection
	GlobalSection(ProjectConfigurationPlatforms) = postSolution
		{1850B9A2-68C5-4ED2-AAE8-8417E1CF4D11}.Debug|Any CPU.ActiveCfg = Debug|Any CPU
		{1850B9A2-68C5-4ED2-AAE8-8417E1CF4D11}.Debug|Any CPU.Build.0 = Debug|Any CPU
		{1850B9A2-68C5-4ED2-AAE8-8417E1CF4D11}.Release|Any CPU.ActiveCfg = Release|Any CPU
		{1850B9A2-68C5-4ED2-AAE8-8417E1CF4D11}.Release|Any CPU.Build.0 = Release|Any CPU
	EndGlobalSection
	GlobalSection(SolutionProperties) = preSolution
		HideSolutionNode = FALSE
	EndGlobalSection
	GlobalSection(ExtensibilityGlobals) = postSolution
		SolutionGuid = {7A8A3920-20CE-4224-A33A-24FE5C0391DE}
	EndGlobalSection
EndGlobal
